
Microsoft Visual Studio Solution File, Format Version 12.00
# Visual Studio Version 17
VisualStudioVersion = 17.5.33530.505
MinimumVisualStudioVersion = 10.0.40219.1
Project("{FAE04EC0-301F-11D3-BF4B-00C04F79EFBC}") = "ReportesExcel", "ReportesExcel.csproj", "{91EB9AD1-C2F1-48F4-9F9B-3271A2588CBF}"
EndProject
Global
	GlobalSection(SolutionConfigurationPlatforms) = preSolution
		Debug|Any CPU = Debug|Any CPU
		Release|Any CPU = Release|Any CPU
	EndGlobalSection
	GlobalSection(ProjectConfigurationPlatforms) = postSolution
		{91EB9AD1-C2F1-48F4-9F9B-3271A2588CBF}.Debug|Any CPU.ActiveCfg = Debug|Any CPU
		{91EB9AD1-C2F1-48F4-9F9B-3271A2588CBF}.Debug|Any CPU.Build.0 = Debug|Any CPU
		{91EB9AD1-C2F1-48F4-9F9B-3271A2588CBF}.Release|Any CPU.ActiveCfg = Release|Any CPU
		{91EB9AD1-C2F1-48F4-9F9B-3271A2588CBF}.Release|Any CPU.Build.0 = Release|Any CPU
	EndGlobalSection
	GlobalSection(SolutionProperties) = preSolution
		HideSolutionNode = FALSE
	EndGlobalSection
	GlobalSection(ExtensibilityGlobals) = postSolution
		SolutionGuid = {1690F48A-9CEC-4CB5-85CB-8704153AA7C7}
	EndGlobalSection
EndGlobal
